
Microsoft Visual Studio Solution File, Format Version 12.00
# Visual Studio Version 17
VisualStudioVersion = 17.6.33801.468
MinimumVisualStudioVersion = 10.0.40219.1
Project("{FAE04EC0-301F-11D3-BF4B-00C04F79EFBC}") = "PWAPractice", "PWAPractice\PWAPractice.csproj", "{1034582B-4A0E-458D-9DB8-8E2007C081B8}"
EndProject
Global
	GlobalSection(SolutionConfigurationPlatforms) = preSolution
		Debug|Any CPU = Debug|Any CPU
		Release|Any CPU = Release|Any CPU
	EndGlobalSection
	GlobalSection(ProjectConfigurationPlatforms) = postSolution
		{1034582B-4A0E-458D-9DB8-8E2007C081B8}.Debug|Any CPU.ActiveCfg = Debug|Any CPU
		{1034582B-4A0E-458D-9DB8-8E2007C081B8}.Debug|Any CPU.Build.0 = Debug|Any CPU
		{1034582B-4A0E-458D-9DB8-8E2007C081B8}.Release|Any CPU.ActiveCfg = Release|Any CPU
		{1034582B-4A0E-458D-9DB8-8E2007C081B8}.Release|Any CPU.Build.0 = Release|Any CPU
	EndGlobalSection
	GlobalSection(SolutionProperties) = preSolution
		HideSolutionNode = FALSE
	EndGlobalSection
	GlobalSection(ExtensibilityGlobals) = postSolution
		SolutionGuid = {B1D1C37A-711B-433B-AB11-51C46D4DB107}
	EndGlobalSection
EndGlobal
